
Microsoft Visual Studio Solution File, Format Version 12.00
# Visual Studio Version 16
VisualStudioVersion = 16.0.29123.89
MinimumVisualStudioVersion = 10.0.40219.1
Project("{9A19103F-16F7-4668-BE54-9A1E7A4F7556}") = "StringtableWeb.Server", "..\StringtableWeb.Server\StringtableWeb.Server.csproj", "{B034057A-90DD-4066-9823-FD2EF42784DD}"
EndProject
Project("{9A19103F-16F7-4668-BE54-9A1E7A4F7556}") = "StringtableWeb.Client", "..\StringtableWeb.Client\StringtableWeb.Client.csproj", "{BB79AC2E-C8FB-4A5C-A402-1DD03A073BE0}"
EndProject
Project("{9A19103F-16F7-4668-BE54-9A1E7A4F7556}") = "StringtableWeb.Shared", "..\StringtableWeb.Shared\StringtableWeb.Shared.csproj", "{0A4F9E40-BFC0-404F-B22A-FC8E09D335B0}"
EndProject
Global
	GlobalSection(SolutionConfigurationPlatforms) = preSolution
		Debug|Any CPU = Debug|Any CPU
		Release|Any CPU = Release|Any CPU
	EndGlobalSection
	GlobalSection(ProjectConfigurationPlatforms) = postSolution
		{B034057A-90DD-4066-9823-FD2EF42784DD}.Debug|Any CPU.ActiveCfg = Debug|Any CPU
		{B034057A-90DD-4066-9823-FD2EF42784DD}.Debug|Any CPU.Build.0 = Debug|Any CPU
		{B034057A-90DD-4066-9823-FD2EF42784DD}.Release|Any CPU.ActiveCfg = Release|Any CPU
		{B034057A-90DD-4066-9823-FD2EF42784DD}.Release|Any CPU.Build.0 = Release|Any CPU
		{BB79AC2E-C8FB-4A5C-A402-1DD03A073BE0}.Debug|Any CPU.ActiveCfg = Debug|Any CPU
		{BB79AC2E-C8FB-4A5C-A402-1DD03A073BE0}.Debug|Any CPU.Build.0 = Debug|Any CPU
		{BB79AC2E-C8FB-4A5C-A402-1DD03A073BE0}.Release|Any CPU.ActiveCfg = Release|Any CPU
		{BB79AC2E-C8FB-4A5C-A402-1DD03A073BE0}.Release|Any CPU.Build.0 = Release|Any CPU
		{0A4F9E40-BFC0-404F-B22A-FC8E09D335B0}.Debug|Any CPU.ActiveCfg = Debug|Any CPU
		{0A4F9E40-BFC0-404F-B22A-FC8E09D335B0}.Debug|Any CPU.Build.0 = Debug|Any CPU
		{0A4F9E40-BFC0-404F-B22A-FC8E09D335B0}.Release|Any CPU.ActiveCfg = Release|Any CPU
		{0A4F9E40-BFC0-404F-B22A-FC8E09D335B0}.Release|Any CPU.Build.0 = Release|Any CPU
	EndGlobalSection
	GlobalSection(SolutionProperties) = preSolution
		HideSolutionNode = FALSE
	EndGlobalSection
	GlobalSection(ExtensibilityGlobals) = postSolution
		SolutionGuid = {6E94D964-A2C2-4D51-8940-C3E0B5BAAF75}
	EndGlobalSection
EndGlobal
